
Microsoft Visual Studio Solution File, Format Version 12.00
# Visual Studio 15
Project("{FAE04EC0-301F-11D3-BF4B-00C04F79EFBC}") = "UnityEngine.UI", "UnityEngine.UI.csproj", "{DB85EE28-7378-1E7D-4E00-A14F1E7B7753}"
EndProject
Project("{FAE04EC0-301F-11D3-BF4B-00C04F79EFBC}") = "UnityEngine.TestRunner", "UnityEngine.TestRunner.csproj", "{0C590B02-618C-A15F-1E71-323035F08EC6}"
EndProject
Project("{FAE04EC0-301F-11D3-BF4B-00C04F79EFBC}") = "Unity.Mathematics", "Unity.Mathematics.csproj", "{82A359F8-2274-9E20-A8B9-0B98A955D77C}"
EndProject
Project("{FAE04EC0-301F-11D3-BF4B-00C04F79EFBC}") = "Unity.2D.Animation.Triangle.Runtime", "Unity.2D.Animation.Triangle.Runtime.csproj", "{058991E3-079E-35B5-0C4E-0A7304B53CC5}"
EndProject
Project("{FAE04EC0-301F-11D3-BF4B-00C04F79EFBC}") = "Unity.Timeline", "Unity.Timeline.csproj", "{ACF9EEDE-97FB-5C00-1071-A67AC1263086}"
EndProject
Project("{FAE04EC0-301F-11D3-BF4B-00C04F79EFBC}") = "Unity.TextMeshPro", "Unity.TextMeshPro.csproj", "{2B1DF273-DC25-4BF2-9988-52D98E25E020}"
EndProject
Project("{FAE04EC0-301F-11D3-BF4B-00C04F79EFBC}") = "Unity.2D.Animation.Runtime", "Unity.2D.Animation.Runtime.csproj", "{8768F904-A4A3-92FB-B5DB-0304E250B9D9}"
EndProject
Project("{FAE04EC0-301F-11D3-BF4B-00C04F79EFBC}") = "Assembly-CSharp", "Assembly-CSharp.csproj", "{0D28CB02-2A46-0483-5AAE-6AB915B5C8E0}"
EndProject
Project("{FAE04EC0-301F-11D3-BF4B-00C04F79EFBC}") = "Unity.2D.IK.Runtime", "Unity.2D.IK.Runtime.csproj", "{2DA61D61-95FA-6321-6BA3-C6F8043D3969}"
EndProject
Project("{FAE04EC0-301F-11D3-BF4B-00C04F79EFBC}") = "Unity.2D.SpriteShape.Runtime", "Unity.2D.SpriteShape.Runtime.csproj", "{E48E2EEA-E1A4-C999-C5E0-BAB6337C26B7}"
EndProject
Project("{FAE04EC0-301F-11D3-BF4B-00C04F79EFBC}") = "Unity.2D.PixelPerfect", "Unity.2D.PixelPerfect.csproj", "{5B507A0B-08CB-E283-7E57-93A071783822}"
EndProject
Project("{FAE04EC0-301F-11D3-BF4B-00C04F79EFBC}") = "Unity.2D.Common.Runtime", "Unity.2D.Common.Runtime.csproj", "{7E605116-D59E-52B9-94D4-7B37C339F166}"
EndProject
Project("{FAE04EC0-301F-11D3-BF4B-00C04F79EFBC}") = "Unity.InternalAPIEngineBridge.001", "Unity.InternalAPIEngineBridge.001.csproj", "{7573A0B4-9569-0FBF-46FE-85F7F9A94F98}"
EndProject
Project("{FAE04EC0-301F-11D3-BF4B-00C04F79EFBC}") = "UnityEditor.TestRunner", "UnityEditor.TestRunner.csproj", "{BE4A1B12-F8D9-1887-0EDA-6DDD0A9FFFBD}"
EndProject
Project("{FAE04EC0-301F-11D3-BF4B-00C04F79EFBC}") = "Unity.PlasticSCM.Editor", "Unity.PlasticSCM.Editor.csproj", "{53C2A0B7-19E6-CA5D-4659-BFC03F53E26F}"
EndProject
Project("{FAE04EC0-301F-11D3-BF4B-00C04F79EFBC}") = "UnityEditor.UI", "UnityEditor.UI.csproj", "{B1FAE9AC-85AE-6371-698D-8CCA585D9C2D}"
EndProject
Project("{FAE04EC0-301F-11D3-BF4B-00C04F79EFBC}") = "Unity.Services.Core.Editor", "Unity.Services.Core.Editor.csproj", "{1CB892E6-980D-3D91-354B-F72EE1BC4833}"
EndProject
Project("{FAE04EC0-301F-11D3-BF4B-00C04F79EFBC}") = "Unity.Timeline.Editor", "Unity.Timeline.Editor.csproj", "{FF7879F6-DBA7-9466-9F64-3538D0C3B09B}"
EndProject
Project("{FAE04EC0-301F-11D3-BF4B-00C04F79EFBC}") = "Unity.VisualStudio.Editor", "Unity.VisualStudio.Editor.csproj", "{F7D96E24-7761-4495-A1B6-5ED627CEE777}"
EndProject
Project("{FAE04EC0-301F-11D3-BF4B-00C04F79EFBC}") = "Unity.2D.Psdimporter.Editor", "Unity.2D.Psdimporter.Editor.csproj", "{3DC2C178-95A5-EE34-A269-1135715A274E}"
EndProject
Project("{FAE04EC0-301F-11D3-BF4B-00C04F79EFBC}") = "Unity.2D.Animation.Editor", "Unity.2D.Animation.Editor.csproj", "{08BE85A9-45CA-61A0-65B8-3FFED6FC2E97}"
EndProject
Project("{FAE04EC0-301F-11D3-BF4B-00C04F79EFBC}") = "Unity.TextMeshPro.Editor", "Unity.TextMeshPro.Editor.csproj", "{190EBF3B-3830-51EF-52B3-51582A35C651}"
EndProject
Project("{FAE04EC0-301F-11D3-BF4B-00C04F79EFBC}") = "Unity.2D.SpriteShape.Editor", "Unity.2D.SpriteShape.Editor.csproj", "{E80F7D8C-7614-C422-9663-EDE1A2393458}"
EndProject
Project("{FAE04EC0-301F-11D3-BF4B-00C04F79EFBC}") = "Unity.CollabProxy.Editor", "Unity.CollabProxy.Editor.csproj", "{172A972A-7620-9919-CAA6-0AC04C5B6767}"
EndProject
Project("{FAE04EC0-301F-11D3-BF4B-00C04F79EFBC}") = "PsdPlugin", "PsdPlugin.csproj", "{FF006C73-EA9D-DD97-8EF4-F39858C3A189}"
EndProject
Project("{FAE04EC0-301F-11D3-BF4B-00C04F79EFBC}") = "Unity.2D.Path.Editor", "Unity.2D.Path.Editor.csproj", "{119A73BD-0ABE-72F7-D020-4BE217503D33}"
EndProject
Project("{FAE04EC0-301F-11D3-BF4B-00C04F79EFBC}") = "Unity.Rider.Editor", "Unity.Rider.Editor.csproj", "{26F79DB3-1DE9-B7BC-6816-A078C6DDD1A6}"
EndProject
Project("{FAE04EC0-301F-11D3-BF4B-00C04F79EFBC}") = "Unity.2D.IK.Editor", "Unity.2D.IK.Editor.csproj", "{8FA89D42-BA5C-34D7-EF53-A54B96DFFB2C}"
EndProject
Project("{FAE04EC0-301F-11D3-BF4B-00C04F79EFBC}") = "Unity.2D.Sprite.Editor", "Unity.2D.Sprite.Editor.csproj", "{DD8EDA57-C7FA-D2F6-F840-6D3F10597606}"
EndProject
Project("{FAE04EC0-301F-11D3-BF4B-00C04F79EFBC}") = "Unity.2D.Tilemap.Editor", "Unity.2D.Tilemap.Editor.csproj", "{B0FF725F-7B3A-1C4C-9F75-0E895A12CE79}"
EndProject
Project("{FAE04EC0-301F-11D3-BF4B-00C04F79EFBC}") = "Unity.2D.PixelPerfect.Editor", "Unity.2D.PixelPerfect.Editor.csproj", "{A226E168-853C-97BF-C86B-2E2B628355EF}"
EndProject
Project("{FAE04EC0-301F-11D3-BF4B-00C04F79EFBC}") = "Unity.VSCode.Editor", "Unity.VSCode.Editor.csproj", "{160586D8-715E-2731-64E8-CFB3F213FB58}"
EndProject
Project("{FAE04EC0-301F-11D3-BF4B-00C04F79EFBC}") = "Unity.2D.Common.Editor", "Unity.2D.Common.Editor.csproj", "{2F35FC46-15B9-0794-0D54-93CE8DE49F62}"
EndProject
Project("{FAE04EC0-301F-11D3-BF4B-00C04F79EFBC}") = "Unity.Mathematics.Editor", "Unity.Mathematics.Editor.csproj", "{B8ADE425-6D2A-D6FD-F8D0-E6B150C615AF}"
EndProject
Project("{FAE04EC0-301F-11D3-BF4B-00C04F79EFBC}") = "Unity.InternalAPIEditorBridge.001", "Unity.InternalAPIEditorBridge.001.csproj", "{F49D9A78-E64E-599B-6C4D-BF473BE794D4}"
EndProject
Project("{FAE04EC0-301F-11D3-BF4B-00C04F79EFBC}") = "UnityEngine.UI", "UnityEngine.UI.Player.csproj", "{C22E28FB-603F-E49D-4CE9-207FC2A26803}"
EndProject
Project("{FAE04EC0-301F-11D3-BF4B-00C04F79EFBC}") = "UnityEngine.TestRunner", "UnityEngine.TestRunner.Player.csproj", "{AC67B710-4A29-06FD-3BDC-958565481095}"
EndProject
Project("{FAE04EC0-301F-11D3-BF4B-00C04F79EFBC}") = "Unity.Mathematics", "Unity.Mathematics.Player.csproj", "{6B618D94-1288-542A-BBC2-ED237DFBCE6F}"
EndProject
Project("{FAE04EC0-301F-11D3-BF4B-00C04F79EFBC}") = "Unity.2D.Animation.Triangle.Runtime", "Unity.2D.Animation.Triangle.Runtime.Player.csproj", "{D524DF3F-E71D-FCB4-28C3-434DF78F5294}"
EndProject
Project("{FAE04EC0-301F-11D3-BF4B-00C04F79EFBC}") = "Unity.Timeline", "Unity.Timeline.Player.csproj", "{E99CFED2-87E8-F2FF-1DBB-B7DB86B465A5}"
EndProject
Project("{FAE04EC0-301F-11D3-BF4B-00C04F79EFBC}") = "Unity.TextMeshPro", "Unity.TextMeshPro.Player.csproj", "{D17750FE-2B74-876E-BD78-7F8D7F255941}"
EndProject
Project("{FAE04EC0-301F-11D3-BF4B-00C04F79EFBC}") = "Unity.2D.Animation.Runtime", "Unity.2D.Animation.Runtime.Player.csproj", "{548F652D-04EA-80C9-B9E8-0BEA3AC01A06}"
EndProject
Project("{FAE04EC0-301F-11D3-BF4B-00C04F79EFBC}") = "Assembly-CSharp", "Assembly-CSharp.Player.csproj", "{2DD0A9E2-0234-C729-5D3C-73DDFCE3D22B}"
EndProject
Project("{FAE04EC0-301F-11D3-BF4B-00C04F79EFBC}") = "Unity.2D.IK.Runtime", "Unity.2D.IK.Runtime.Player.csproj", "{7F2841F3-6516-D62C-97D3-D2E87BB3902D}"
EndProject
Project("{FAE04EC0-301F-11D3-BF4B-00C04F79EFBC}") = "Unity.2D.SpriteShape.Runtime", "Unity.2D.SpriteShape.Runtime.Player.csproj", "{3D731B97-9BD7-7DB6-1956-CD0694260CD3}"
EndProject
Project("{FAE04EC0-301F-11D3-BF4B-00C04F79EFBC}") = "Unity.2D.PixelPerfect", "Unity.2D.PixelPerfect.Player.csproj", "{83B4C5BC-3B0D-1A16-D317-E64ABF7EB221}"
EndProject
Project("{FAE04EC0-301F-11D3-BF4B-00C04F79EFBC}") = "Unity.2D.Common.Runtime", "Unity.2D.Common.Runtime.Player.csproj", "{C1E9B9F4-EB67-5538-52F4-AF138AC64EEB}"
EndProject
Project("{FAE04EC0-301F-11D3-BF4B-00C04F79EFBC}") = "Unity.InternalAPIEngineBridge.001", "Unity.InternalAPIEngineBridge.001.Player.csproj", "{6A0EBED0-74D5-69E2-F152-3A8FF43E8327}"
EndProject
Global
	GlobalSection(SolutionConfigurationPlatforms) = preSolution
		Debug|Any CPU = Debug|Any CPU
		Release|Any CPU = Release|Any CPU
	EndGlobalSection
	GlobalSection(ProjectConfigurationPlatforms) = postSolution
		{DB85EE28-7378-1E7D-4E00-A14F1E7B7753}.Debug|Any CPU.ActiveCfg = Debug|Any CPU
		{DB85EE28-7378-1E7D-4E00-A14F1E7B7753}.Debug|Any CPU.Build.0 = Debug|Any CPU
		{DB85EE28-7378-1E7D-4E00-A14F1E7B7753}.Release|Any CPU.ActiveCfg = Release|Any CPU
		{DB85EE28-7378-1E7D-4E00-A14F1E7B7753}.Release|Any CPU.Build.0 = Release|Any CPU
		{0C590B02-618C-A15F-1E71-323035F08EC6}.Debug|Any CPU.ActiveCfg = Debug|Any CPU
		{0C590B02-618C-A15F-1E71-323035F08EC6}.Debug|Any CPU.Build.0 = Debug|Any CPU
		{0C590B02-618C-A15F-1E71-323035F08EC6}.Release|Any CPU.ActiveCfg = Release|Any CPU
		{0C590B02-618C-A15F-1E71-323035F08EC6}.Release|Any CPU.Build.0 = Release|Any CPU
		{82A359F8-2274-9E20-A8B9-0B98A955D77C}.Debug|Any CPU.ActiveCfg = Debug|Any CPU
		{82A359F8-2274-9E20-A8B9-0B98A955D77C}.Debug|Any CPU.Build.0 = Debug|Any CPU
		{82A359F8-2274-9E20-A8B9-0B98A955D77C}.Release|Any CPU.ActiveCfg = Release|Any CPU
		{82A359F8-2274-9E20-A8B9-0B98A955D77C}.Release|Any CPU.Build.0 = Release|Any CPU
		{058991E3-079E-35B5-0C4E-0A7304B53CC5}.Debug|Any CPU.ActiveCfg = Debug|Any CPU
		{058991E3-079E-35B5-0C4E-0A7304B53CC5}.Debug|Any CPU.Build.0 = Debug|Any CPU
		{058991E3-079E-35B5-0C4E-0A7304B53CC5}.Release|Any CPU.ActiveCfg = Release|Any CPU
		{058991E3-079E-35B5-0C4E-0A7304B53CC5}.Release|Any CPU.Build.0 = Release|Any CPU
		{ACF9EEDE-97FB-5C00-1071-A67AC1263086}.Debug|Any CPU.ActiveCfg = Debug|Any CPU
		{ACF9EEDE-97FB-5C00-1071-A67AC1263086}.Debug|Any CPU.Build.0 = Debug|Any CPU
		{ACF9EEDE-97FB-5C00-1071-A67AC1263086}.Release|Any CPU.ActiveCfg = Release|Any CPU
		{ACF9EEDE-97FB-5C00-1071-A67AC1263086}.Release|Any CPU.Build.0 = Release|Any CPU
		{2B1DF273-DC25-4BF2-9988-52D98E25E020}.Debug|Any CPU.ActiveCfg = Debug|Any CPU
		{2B1DF273-DC25-4BF2-9988-52D98E25E020}.Debug|Any CPU.Build.0 = Debug|Any CPU
		{2B1DF273-DC25-4BF2-9988-52D98E25E020}.Release|Any CPU.ActiveCfg = Release|Any CPU
		{2B1DF273-DC25-4BF2-9988-52D98E25E020}.Release|Any CPU.Build.0 = Release|Any CPU
		{8768F904-A4A3-92FB-B5DB-0304E250B9D9}.Debug|Any CPU.ActiveCfg = Debug|Any CPU
		{8768F904-A4A3-92FB-B5DB-0304E250B9D9}.Debug|Any CPU.Build.0 = Debug|Any CPU
		{8768F904-A4A3-92FB-B5DB-0304E250B9D9}.Release|Any CPU.ActiveCfg = Release|Any CPU
		{8768F904-A4A3-92FB-B5DB-0304E250B9D9}.Release|Any CPU.Build.0 = Release|Any CPU
		{0D28CB02-2A46-0483-5AAE-6AB915B5C8E0}.Debug|Any CPU.ActiveCfg = Debug|Any CPU
		{0D28CB02-2A46-0483-5AAE-6AB915B5C8E0}.Debug|Any CPU.Build.0 = Debug|Any CPU
		{0D28CB02-2A46-0483-5AAE-6AB915B5C8E0}.Release|Any CPU.ActiveCfg = Release|Any CPU
		{0D28CB02-2A46-0483-5AAE-6AB915B5C8E0}.Release|Any CPU.Build.0 = Release|Any CPU
		{2DA61D61-95FA-6321-6BA3-C6F8043D3969}.Debug|Any CPU.ActiveCfg = Debug|Any CPU
		{2DA61D61-95FA-6321-6BA3-C6F8043D3969}.Debug|Any CPU.Build.0 = Debug|Any CPU
		{2DA61D61-95FA-6321-6BA3-C6F8043D3969}.Release|Any CPU.ActiveCfg = Release|Any CPU
		{2DA61D61-95FA-6321-6BA3-C6F8043D3969}.Release|Any CPU.Build.0 = Release|Any CPU
		{E48E2EEA-E1A4-C999-C5E0-BAB6337C26B7}.Debug|Any CPU.ActiveCfg = Debug|Any CPU
		{E48E2EEA-E1A4-C999-C5E0-BAB6337C26B7}.Debug|Any CPU.Build.0 = Debug|Any CPU
		{E48E2EEA-E1A4-C999-C5E0-BAB6337C26B7}.Release|Any CPU.ActiveCfg = Release|Any CPU
		{E48E2EEA-E1A4-C999-C5E0-BAB6337C26B7}.Release|Any CPU.Build.0 = Release|Any CPU
		{5B507A0B-08CB-E283-7E57-93A071783822}.Debug|Any CPU.ActiveCfg = Debug|Any CPU
		{5B507A0B-08CB-E283-7E57-93A071783822}.Debug|Any CPU.Build.0 = Debug|Any CPU
		{5B507A0B-08CB-E283-7E57-93A071783822}.Release|Any CPU.ActiveCfg = Release|Any CPU
		{5B507A0B-08CB-E283-7E57-93A071783822}.Release|Any CPU.Build.0 = Release|Any CPU
		{7E605116-D59E-52B9-94D4-7B37C339F166}.Debug|Any CPU.ActiveCfg = Debug|Any CPU
		{7E605116-D59E-52B9-94D4-7B37C339F166}.Debug|Any CPU.Build.0 = Debug|Any CPU
		{7E605116-D59E-52B9-94D4-7B37C339F166}.Release|Any CPU.ActiveCfg = Release|Any CPU
		{7E605116-D59E-52B9-94D4-7B37C339F166}.Release|Any CPU.Build.0 = Release|Any CPU
		{7573A0B4-9569-0FBF-46FE-85F7F9A94F98}.Debug|Any CPU.ActiveCfg = Debug|Any CPU
		{7573A0B4-9569-0FBF-46FE-85F7F9A94F98}.Debug|Any CPU.Build.0 = Debug|Any CPU
		{7573A0B4-9569-0FBF-46FE-85F7F9A94F98}.Release|Any CPU.ActiveCfg = Release|Any CPU
		{7573A0B4-9569-0FBF-46FE-85F7F9A94F98}.Release|Any CPU.Build.0 = Release|Any CPU
		{BE4A1B12-F8D9-1887-0EDA-6DDD0A9FFFBD}.Debug|Any CPU.ActiveCfg = Debug|Any CPU
		{BE4A1B12-F8D9-1887-0EDA-6DDD0A9FFFBD}.Debug|Any CPU.Build.0 = Debug|Any CPU
		{BE4A1B12-F8D9-1887-0EDA-6DDD0A9FFFBD}.Release|Any CPU.ActiveCfg = Release|Any CPU
		{BE4A1B12-F8D9-1887-0EDA-6DDD0A9FFFBD}.Release|Any CPU.Build.0 = Release|Any CPU
		{53C2A0B7-19E6-CA5D-4659-BFC03F53E26F}.Debug|Any CPU.ActiveCfg = Debug|Any CPU
		{53C2A0B7-19E6-CA5D-4659-BFC03F53E26F}.Debug|Any CPU.Build.0 = Debug|Any CPU
		{53C2A0B7-19E6-CA5D-4659-BFC03F53E26F}.Release|Any CPU.ActiveCfg = Release|Any CPU
		{53C2A0B7-19E6-CA5D-4659-BFC03F53E26F}.Release|Any CPU.Build.0 = Release|Any CPU
		{B1FAE9AC-85AE-6371-698D-8CCA585D9C2D}.Debug|Any CPU.ActiveCfg = Debug|Any CPU
		{B1FAE9AC-85AE-6371-698D-8CCA585D9C2D}.Debug|Any CPU.Build.0 = Debug|Any CPU
		{B1FAE9AC-85AE-6371-698D-8CCA585D9C2D}.Release|Any CPU.ActiveCfg = Release|Any CPU
		{B1FAE9AC-85AE-6371-698D-8CCA585D9C2D}.Release|Any CPU.Build.0 = Release|Any CPU
		{1CB892E6-980D-3D91-354B-F72EE1BC4833}.Debug|Any CPU.ActiveCfg = Debug|Any CPU
		{1CB892E6-980D-3D91-354B-F72EE1BC4833}.Debug|Any CPU.Build.0 = Debug|Any CPU
		{1CB892E6-980D-3D91-354B-F72EE1BC4833}.Release|Any CPU.ActiveCfg = Release|Any CPU
		{1CB892E6-980D-3D91-354B-F72EE1BC4833}.Release|Any CPU.Build.0 = Release|Any CPU
		{FF7879F6-DBA7-9466-9F64-3538D0C3B09B}.Debug|Any CPU.ActiveCfg = Debug|Any CPU
		{FF7879F6-DBA7-9466-9F64-3538D0C3B09B}.Debug|Any CPU.Build.0 = Debug|Any CPU
		{FF7879F6-DBA7-9466-9F64-3538D0C3B09B}.Release|Any CPU.ActiveCfg = Release|Any CPU
		{FF7879F6-DBA7-9466-9F64-3538D0C3B09B}.Release|Any CPU.Build.0 = Release|Any CPU
		{F7D96E24-7761-4495-A1B6-5ED627CEE777}.Debug|Any CPU.ActiveCfg = Debug|Any CPU
		{F7D96E24-7761-4495-A1B6-5ED627CEE777}.Debug|Any CPU.Build.0 = Debug|Any CPU
		{F7D96E24-7761-4495-A1B6-5ED627CEE777}.Release|Any CPU.ActiveCfg = Release|Any CPU
		{F7D96E24-7761-4495-A1B6-5ED627CEE777}.Release|Any CPU.Build.0 = Release|Any CPU
		{3DC2C178-95A5-EE34-A269-1135715A274E}.Debug|Any CPU.ActiveCfg = Debug|Any CPU
		{3DC2C178-95A5-EE34-A269-1135715A274E}.Debug|Any CPU.Build.0 = Debug|Any CPU
		{3DC2C178-95A5-EE34-A269-1135715A274E}.Release|Any CPU.ActiveCfg = Release|Any CPU
		{3DC2C178-95A5-EE34-A269-1135715A274E}.Release|Any CPU.Build.0 = Release|Any CPU
		{08BE85A9-45CA-61A0-65B8-3FFED6FC2E97}.Debug|Any CPU.ActiveCfg = Debug|Any CPU
		{08BE85A9-45CA-61A0-65B8-3FFED6FC2E97}.Debug|Any CPU.Build.0 = Debug|Any CPU
		{08BE85A9-45CA-61A0-65B8-3FFED6FC2E97}.Release|Any CPU.ActiveCfg = Release|Any CPU
		{08BE85A9-45CA-61A0-65B8-3FFED6FC2E97}.Release|Any CPU.Build.0 = Release|Any CPU
		{190EBF3B-3830-51EF-52B3-51582A35C651}.Debug|Any CPU.ActiveCfg = Debug|Any CPU
		{190EBF3B-3830-51EF-52B3-51582A35C651}.Debug|Any CPU.Build.0 = Debug|Any CPU
		{190EBF3B-3830-51EF-52B3-51582A35C651}.Release|Any CPU.ActiveCfg = Release|Any CPU
		{190EBF3B-3830-51EF-52B3-51582A35C651}.Release|Any CPU.Build.0 = Release|Any CPU
		{E80F7D8C-7614-C422-9663-EDE1A2393458}.Debug|Any CPU.ActiveCfg = Debug|Any CPU
		{E80F7D8C-7614-C422-9663-EDE1A2393458}.Debug|Any CPU.Build.0 = Debug|Any CPU
		{E80F7D8C-7614-C422-9663-EDE1A2393458}.Release|Any CPU.ActiveCfg = Release|Any CPU
		{E80F7D8C-7614-C422-9663-EDE1A2393458}.Release|Any CPU.Build.0 = Release|Any CPU
		{172A972A-7620-9919-CAA6-0AC04C5B6767}.Debug|Any CPU.ActiveCfg = Debug|Any CPU
		{172A972A-7620-9919-CAA6-0AC04C5B6767}.Debug|Any CPU.Build.0 = Debug|Any CPU
		{172A972A-7620-9919-CAA6-0AC04C5B6767}.Release|Any CPU.ActiveCfg = Release|Any CPU
		{172A972A-7620-9919-CAA6-0AC04C5B6767}.Release|Any CPU.Build.0 = Release|Any CPU
		{FF006C73-EA9D-DD97-8EF4-F39858C3A189}.Debug|Any CPU.ActiveCfg = Debug|Any CPU
		{FF006C73-EA9D-DD97-8EF4-F39858C3A189}.Debug|Any CPU.Build.0 = Debug|Any CPU
		{FF006C73-EA9D-DD97-8EF4-F39858C3A189}.Release|Any CPU.ActiveCfg = Release|Any CPU
		{FF006C73-EA9D-DD97-8EF4-F39858C3A189}.Release|Any CPU.Build.0 = Release|Any CPU
		{119A73BD-0ABE-72F7-D020-4BE217503D33}.Debug|Any CPU.ActiveCfg = Debug|Any CPU
		{119A73BD-0ABE-72F7-D020-4BE217503D33}.Debug|Any CPU.Build.0 = Debug|Any CPU
		{119A73BD-0ABE-72F7-D020-4BE217503D33}.Release|Any CPU.ActiveCfg = Release|Any CPU
		{119A73BD-0ABE-72F7-D020-4BE217503D33}.Release|Any CPU.Build.0 = Release|Any CPU
		{26F79DB3-1DE9-B7BC-6816-A078C6DDD1A6}.Debug|Any CPU.ActiveCfg = Debug|Any CPU
		{26F79DB3-1DE9-B7BC-6816-A078C6DDD1A6}.Debug|Any CPU.Build.0 = Debug|Any CPU
		{26F79DB3-1DE9-B7BC-6816-A078C6DDD1A6}.Release|Any CPU.ActiveCfg = Release|Any CPU
		{26F79DB3-1DE9-B7BC-6816-A078C6DDD1A6}.Release|Any CPU.Build.0 = Release|Any CPU
		{8FA89D42-BA5C-34D7-EF53-A54B96DFFB2C}.Debug|Any CPU.ActiveCfg = Debug|Any CPU
		{8FA89D42-BA5C-34D7-EF53-A54B96DFFB2C}.Debug|Any CPU.Build.0 = Debug|Any CPU
		{8FA89D42-BA5C-34D7-EF53-A54B96DFFB2C}.Release|Any CPU.ActiveCfg = Release|Any CPU
		{8FA89D42-BA5C-34D7-EF53-A54B96DFFB2C}.Release|Any CPU.Build.0 = Release|Any CPU
		{DD8EDA57-C7FA-D2F6-F840-6D3F10597606}.Debug|Any CPU.ActiveCfg = Debug|Any CPU
		{DD8EDA57-C7FA-D2F6-F840-6D3F10597606}.Debug|Any CPU.Build.0 = Debug|Any CPU
		{DD8EDA57-C7FA-D2F6-F840-6D3F10597606}.Release|Any CPU.ActiveCfg = Release|Any CPU
		{DD8EDA57-C7FA-D2F6-F840-6D3F10597606}.Release|Any CPU.Build.0 = Release|Any CPU
		{B0FF725F-7B3A-1C4C-9F75-0E895A12CE79}.Debug|Any CPU.ActiveCfg = Debug|Any CPU
		{B0FF725F-7B3A-1C4C-9F75-0E895A12CE79}.Debug|Any CPU.Build.0 = Debug|Any CPU
		{B0FF725F-7B3A-1C4C-9F75-0E895A12CE79}.Release|Any CPU.ActiveCfg = Release|Any CPU
		{B0FF725F-7B3A-1C4C-9F75-0E895A12CE79}.Release|Any CPU.Build.0 = Release|Any CPU
		{A226E168-853C-97BF-C86B-2E2B628355EF}.Debug|Any CPU.ActiveCfg = Debug|Any CPU
		{A226E168-853C-97BF-C86B-2E2B628355EF}.Debug|Any CPU.Build.0 = Debug|Any CPU
		{A226E168-853C-97BF-C86B-2E2B628355EF}.Release|Any CPU.ActiveCfg = Release|Any CPU
		{A226E168-853C-97BF-C86B-2E2B628355EF}.Release|Any CPU.Build.0 = Release|Any CPU
		{160586D8-715E-2731-64E8-CFB3F213FB58}.Debug|Any CPU.ActiveCfg = Debug|Any CPU
		{160586D8-715E-2731-64E8-CFB3F213FB58}.Debug|Any CPU.Build.0 = Debug|Any CPU
		{160586D8-715E-2731-64E8-CFB3F213FB58}.Release|Any CPU.ActiveCfg = Release|Any CPU
		{160586D8-715E-2731-64E8-CFB3F213FB58}.Release|Any CPU.Build.0 = Release|Any CPU
		{2F35FC46-15B9-0794-0D54-93CE8DE49F62}.Debug|Any CPU.ActiveCfg = Debug|Any CPU
		{2F35FC46-15B9-0794-0D54-93CE8DE49F62}.Debug|Any CPU.Build.0 = Debug|Any CPU
		{2F35FC46-15B9-0794-0D54-93CE8DE49F62}.Release|Any CPU.ActiveCfg = Release|Any CPU
		{2F35FC46-15B9-0794-0D54-93CE8DE49F62}.Release|Any CPU.Build.0 = Release|Any CPU
		{B8ADE425-6D2A-D6FD-F8D0-E6B150C615AF}.Debug|Any CPU.ActiveCfg = Debug|Any CPU
		{B8ADE425-6D2A-D6FD-F8D0-E6B150C615AF}.Debug|Any CPU.Build.0 = Debug|Any CPU
		{B8ADE425-6D2A-D6FD-F8D0-E6B150C615AF}.Release|Any CPU.ActiveCfg = Release|Any CPU
		{B8ADE425-6D2A-D6FD-F8D0-E6B150C615AF}.Release|Any CPU.Build.0 = Release|Any CPU
		{F49D9A78-E64E-599B-6C4D-BF473BE794D4}.Debug|Any CPU.ActiveCfg = Debug|Any CPU
		{F49D9A78-E64E-599B-6C4D-BF473BE794D4}.Debug|Any CPU.Build.0 = Debug|Any CPU
		{F49D9A78-E64E-599B-6C4D-BF473BE794D4}.Release|Any CPU.ActiveCfg = Release|Any CPU
		{F49D9A78-E64E-599B-6C4D-BF473BE794D4}.Release|Any CPU.Build.0 = Release|Any CPU
		{C22E28FB-603F-E49D-4CE9-207FC2A26803}.Debug|Any CPU.ActiveCfg = Debug|Any CPU
		{C22E28FB-603F-E49D-4CE9-207FC2A26803}.Debug|Any CPU.Build.0 = Debug|Any CPU
		{C22E28FB-603F-E49D-4CE9-207FC2A26803}.Release|Any CPU.ActiveCfg = Release|Any CPU
		{C22E28FB-603F-E49D-4CE9-207FC2A26803}.Release|Any CPU.Build.0 = Release|Any CPU
		{AC67B710-4A29-06FD-3BDC-958565481095}.Debug|Any CPU.ActiveCfg = Debug|Any CPU
		{AC67B710-4A29-06FD-3BDC-958565481095}.Debug|Any CPU.Build.0 = Debug|Any CPU
		{AC67B710-4A29-06FD-3BDC-958565481095}.Release|Any CPU.ActiveCfg = Release|Any CPU
		{AC67B710-4A29-06FD-3BDC-958565481095}.Release|Any CPU.Build.0 = Release|Any CPU
		{6B618D94-1288-542A-BBC2-ED237DFBCE6F}.Debug|Any CPU.ActiveCfg = Debug|Any CPU
		{6B618D94-1288-542A-BBC2-ED237DFBCE6F}.Debug|Any CPU.Build.0 = Debug|Any CPU
		{6B618D94-1288-542A-BBC2-ED237DFBCE6F}.Release|Any CPU.ActiveCfg = Release|Any CPU
		{6B618D94-1288-542A-BBC2-ED237DFBCE6F}.Release|Any CPU.Build.0 = Release|Any CPU
		{D524DF3F-E71D-FCB4-28C3-434DF78F5294}.Debug|Any CPU.ActiveCfg = Debug|Any CPU
		{D524DF3F-E71D-FCB4-28C3-434DF78F5294}.Debug|Any CPU.Build.0 = Debug|Any CPU
		{D524DF3F-E71D-FCB4-28C3-434DF78F5294}.Release|Any CPU.ActiveCfg = Release|Any CPU
		{D524DF3F-E71D-FCB4-28C3-434DF78F5294}.Release|Any CPU.Build.0 = Release|Any CPU
		{E99CFED2-87E8-F2FF-1DBB-B7DB86B465A5}.Debug|Any CPU.ActiveCfg = Debug|Any CPU
		{E99CFED2-87E8-F2FF-1DBB-B7DB86B465A5}.Debug|Any CPU.Build.0 = Debug|Any CPU
		{E99CFED2-87E8-F2FF-1DBB-B7DB86B465A5}.Release|Any CPU.ActiveCfg = Release|Any CPU
		{E99CFED2-87E8-F2FF-1DBB-B7DB86B465A5}.Release|Any CPU.Build.0 = Release|Any CPU
		{D17750FE-2B74-876E-BD78-7F8D7F255941}.Debug|Any CPU.ActiveCfg = Debug|Any CPU
		{D17750FE-2B74-876E-BD78-7F8D7F255941}.Debug|Any CPU.Build.0 = Debug|Any CPU
		{D17750FE-2B74-876E-BD78-7F8D7F255941}.Release|Any CPU.ActiveCfg = Release|Any CPU
		{D17750FE-2B74-876E-BD78-7F8D7F255941}.Release|Any CPU.Build.0 = Release|Any CPU
		{548F652D-04EA-80C9-B9E8-0BEA3AC01A06}.Debug|Any CPU.ActiveCfg = Debug|Any CPU
		{548F652D-04EA-80C9-B9E8-0BEA3AC01A06}.Debug|Any CPU.Build.0 = Debug|Any CPU
		{548F652D-04EA-80C9-B9E8-0BEA3AC01A06}.Release|Any CPU.ActiveCfg = Release|Any CPU
		{548F652D-04EA-80C9-B9E8-0BEA3AC01A06}.Release|Any CPU.Build.0 = Release|Any CPU
		{2DD0A9E2-0234-C729-5D3C-73DDFCE3D22B}.Debug|Any CPU.ActiveCfg = Debug|Any CPU
		{2DD0A9E2-0234-C729-5D3C-73DDFCE3D22B}.Debug|Any CPU.Build.0 = Debug|Any CPU
		{2DD0A9E2-0234-C729-5D3C-73DDFCE3D22B}.Release|Any CPU.ActiveCfg = Release|Any CPU
		{2DD0A9E2-0234-C729-5D3C-73DDFCE3D22B}.Release|Any CPU.Build.0 = Release|Any CPU
		{7F2841F3-6516-D62C-97D3-D2E87BB3902D}.Debug|Any CPU.ActiveCfg = Debug|Any CPU
		{7F2841F3-6516-D62C-97D3-D2E87BB3902D}.Debug|Any CPU.Build.0 = Debug|Any CPU
		{7F2841F3-6516-D62C-97D3-D2E87BB3902D}.Release|Any CPU.ActiveCfg = Release|Any CPU
		{7F2841F3-6516-D62C-97D3-D2E87BB3902D}.Release|Any CPU.Build.0 = Release|Any CPU
		{3D731B97-9BD7-7DB6-1956-CD0694260CD3}.Debug|Any CPU.ActiveCfg = Debug|Any CPU
		{3D731B97-9BD7-7DB6-1956-CD0694260CD3}.Debug|Any CPU.Build.0 = Debug|Any CPU
		{3D731B97-9BD7-7DB6-1956-CD0694260CD3}.Release|Any CPU.ActiveCfg = Release|Any CPU
		{3D731B97-9BD7-7DB6-1956-CD0694260CD3}.Release|Any CPU.Build.0 = Release|Any CPU
		{83B4C5BC-3B0D-1A16-D317-E64ABF7EB221}.Debug|Any CPU.ActiveCfg = Debug|Any CPU
		{83B4C5BC-3B0D-1A16-D317-E64ABF7EB221}.Debug|Any CPU.Build.0 = Debug|Any CPU
		{83B4C5BC-3B0D-1A16-D317-E64ABF7EB221}.Release|Any CPU.ActiveCfg = Release|Any CPU
		{83B4C5BC-3B0D-1A16-D317-E64ABF7EB221}.Release|Any CPU.Build.0 = Release|Any CPU
		{C1E9B9F4-EB67-5538-52F4-AF138AC64EEB}.Debug|Any CPU.ActiveCfg = Debug|Any CPU
		{C1E9B9F4-EB67-5538-52F4-AF138AC64EEB}.Debug|Any CPU.Build.0 = Debug|Any CPU
		{C1E9B9F4-EB67-5538-52F4-AF138AC64EEB}.Release|Any CPU.ActiveCfg = Release|Any CPU
		{C1E9B9F4-EB67-5538-52F4-AF138AC64EEB}.Release|Any CPU.Build.0 = Release|Any CPU
		{6A0EBED0-74D5-69E2-F152-3A8FF43E8327}.Debug|Any CPU.ActiveCfg = Debug|Any CPU
		{6A0EBED0-74D5-69E2-F152-3A8FF43E8327}.Debug|Any CPU.Build.0 = Debug|Any CPU
		{6A0EBED0-74D5-69E2-F152-3A8FF43E8327}.Release|Any CPU.ActiveCfg = Release|Any CPU
		{6A0EBED0-74D5-69E2-F152-3A8FF43E8327}.Release|Any CPU.Build.0 = Release|Any CPU
	EndGlobalSection
	GlobalSection(SolutionProperties) = preSolution
		HideSolutionNode = FALSE
	EndGlobalSection
EndGlobal
